
Microsoft Visual Studio Solution File, Format Version 12.00
# Visual Studio 15
VisualStudioVersion = 15.0.28307.271
MinimumVisualStudioVersion = 10.0.40219.1
Project("{FAE04EC0-301F-11D3-BF4B-00C04F79EFBC}") = "RegistroSugerencia", "RegistroSugerencia\RegistroSugerencia.csproj", "{BF2BE204-7415-4D56-9F47-9C2D7374DE5D}"
EndProject
Project("{FAE04EC0-301F-11D3-BF4B-00C04F79EFBC}") = "RegistroSugerencia.Tests", "RegistroSugerencia.Tests\RegistroSugerencia.Tests.csproj", "{B8BA1660-2128-4533-944D-AD6D9D628014}"
EndProject
Project("{FAE04EC0-301F-11D3-BF4B-00C04F79EFBC}") = "BLL", "BLL\BLL.csproj", "{BBFF3FFA-E315-4D80-A416-1E0A22A56E97}"
EndProject
Project("{FAE04EC0-301F-11D3-BF4B-00C04F79EFBC}") = "DAL", "DAL\DAL.csproj", "{BD0E7710-FA41-47D6-A249-CB4672E39C1C}"
EndProject
Project("{FAE04EC0-301F-11D3-BF4B-00C04F79EFBC}") = "Entities", "Entities\Entities.csproj", "{7D9EC07C-A010-45E6-AB86-C066D8FBD896}"
EndProject
Global
	GlobalSection(SolutionConfigurationPlatforms) = preSolution
		Debug|Any CPU = Debug|Any CPU
		Release|Any CPU = Release|Any CPU
	EndGlobalSection
	GlobalSection(ProjectConfigurationPlatforms) = postSolution
		{BF2BE204-7415-4D56-9F47-9C2D7374DE5D}.Debug|Any CPU.ActiveCfg = Debug|Any CPU
		{BF2BE204-7415-4D56-9F47-9C2D7374DE5D}.Debug|Any CPU.Build.0 = Debug|Any CPU
		{BF2BE204-7415-4D56-9F47-9C2D7374DE5D}.Release|Any CPU.ActiveCfg = Release|Any CPU
		{BF2BE204-7415-4D56-9F47-9C2D7374DE5D}.Release|Any CPU.Build.0 = Release|Any CPU
		{B8BA1660-2128-4533-944D-AD6D9D628014}.Debug|Any CPU.ActiveCfg = Debug|Any CPU
		{B8BA1660-2128-4533-944D-AD6D9D628014}.Debug|Any CPU.Build.0 = Debug|Any CPU
		{B8BA1660-2128-4533-944D-AD6D9D628014}.Release|Any CPU.ActiveCfg = Release|Any CPU
		{B8BA1660-2128-4533-944D-AD6D9D628014}.Release|Any CPU.Build.0 = Release|Any CPU
		{BBFF3FFA-E315-4D80-A416-1E0A22A56E97}.Debug|Any CPU.ActiveCfg = Debug|Any CPU
		{BBFF3FFA-E315-4D80-A416-1E0A22A56E97}.Debug|Any CPU.Build.0 = Debug|Any CPU
		{BBFF3FFA-E315-4D80-A416-1E0A22A56E97}.Release|Any CPU.ActiveCfg = Release|Any CPU
		{BBFF3FFA-E315-4D80-A416-1E0A22A56E97}.Release|Any CPU.Build.0 = Release|Any CPU
		{BD0E7710-FA41-47D6-A249-CB4672E39C1C}.Debug|Any CPU.ActiveCfg = Debug|Any CPU
		{BD0E7710-FA41-47D6-A249-CB4672E39C1C}.Debug|Any CPU.Build.0 = Debug|Any CPU
		{BD0E7710-FA41-47D6-A249-CB4672E39C1C}.Release|Any CPU.ActiveCfg = Release|Any CPU
		{BD0E7710-FA41-47D6-A249-CB4672E39C1C}.Release|Any CPU.Build.0 = Release|Any CPU
		{7D9EC07C-A010-45E6-AB86-C066D8FBD896}.Debug|Any CPU.ActiveCfg = Debug|Any CPU
		{7D9EC07C-A010-45E6-AB86-C066D8FBD896}.Debug|Any CPU.Build.0 = Debug|Any CPU
		{7D9EC07C-A010-45E6-AB86-C066D8FBD896}.Release|Any CPU.ActiveCfg = Release|Any CPU
		{7D9EC07C-A010-45E6-AB86-C066D8FBD896}.Release|Any CPU.Build.0 = Release|Any CPU
	EndGlobalSection
	GlobalSection(SolutionProperties) = preSolution
		HideSolutionNode = FALSE
	EndGlobalSection
	GlobalSection(ExtensibilityGlobals) = postSolution
		SolutionGuid = {069967EA-8147-4CD1-BDCD-61E6741C13F5}
	EndGlobalSection
EndGlobal
